
Microsoft Visual Studio Solution File, Format Version 12.00
# Visual Studio Version 17
VisualStudioVersion = 17.14.36301.6 d17.14
MinimumVisualStudioVersion = 10.0.40219.1
Project("{FAE04EC0-301F-11D3-BF4B-00C04F79EFBC}") = "Porsche", "Porsche.csproj", "{F5ADBBC9-3897-4EB7-B9A0-818BA815F151}"
EndProject
Global
	GlobalSection(SolutionConfigurationPlatforms) = preSolution
		Debug|Any CPU = Debug|Any CPU
		Release|Any CPU = Release|Any CPU
	EndGlobalSection
	GlobalSection(ProjectConfigurationPlatforms) = postSolution
		{F5ADBBC9-3897-4EB7-B9A0-818BA815F151}.Debug|Any CPU.ActiveCfg = Debug|Any CPU
		{F5ADBBC9-3897-4EB7-B9A0-818BA815F151}.Debug|Any CPU.Build.0 = Debug|Any CPU
		{F5ADBBC9-3897-4EB7-B9A0-818BA815F151}.Release|Any CPU.ActiveCfg = Release|Any CPU
		{F5ADBBC9-3897-4EB7-B9A0-818BA815F151}.Release|Any CPU.Build.0 = Release|Any CPU
	EndGlobalSection
	GlobalSection(SolutionProperties) = preSolution
		HideSolutionNode = FALSE
	EndGlobalSection
	GlobalSection(ExtensibilityGlobals) = postSolution
		SolutionGuid = {B58DB1C5-F2EE-4FCA-917B-99F4A8678486}
	EndGlobalSection
EndGlobal
